
Microsoft Visual Studio Solution File, Format Version 12.00
# Visual Studio Version 16
VisualStudioVersion = 16.0.30225.117
MinimumVisualStudioVersion = 10.0.40219.1
Project("{FAE04EC0-301F-11D3-BF4B-00C04F79EFBC}") = "REST_API", "REST_API\REST_API.csproj", "{461D8B04-4FB2-4FE6-B94D-D8240D9AEB0E}"
EndProject
Global
	GlobalSection(SolutionConfigurationPlatforms) = preSolution
		Debug|Any CPU = Debug|Any CPU
		Release|Any CPU = Release|Any CPU
	EndGlobalSection
	GlobalSection(ProjectConfigurationPlatforms) = postSolution
		{461D8B04-4FB2-4FE6-B94D-D8240D9AEB0E}.Debug|Any CPU.ActiveCfg = Debug|Any CPU
		{461D8B04-4FB2-4FE6-B94D-D8240D9AEB0E}.Debug|Any CPU.Build.0 = Debug|Any CPU
		{461D8B04-4FB2-4FE6-B94D-D8240D9AEB0E}.Release|Any CPU.ActiveCfg = Release|Any CPU
		{461D8B04-4FB2-4FE6-B94D-D8240D9AEB0E}.Release|Any CPU.Build.0 = Release|Any CPU
	EndGlobalSection
	GlobalSection(SolutionProperties) = preSolution
		HideSolutionNode = FALSE
	EndGlobalSection
	GlobalSection(ExtensibilityGlobals) = postSolution
		SolutionGuid = {83177DAF-4D31-4117-813E-4ED8A1C2BCB2}
	EndGlobalSection
EndGlobal
